
Microsoft Visual Studio Solution File, Format Version 12.00
# Visual Studio Version 16
VisualStudioVersion = 16.0.31005.135
MinimumVisualStudioVersion = 10.0.40219.1
Project("{FAE04EC0-301F-11D3-BF4B-00C04F79EFBC}") = "SignupTemple", "SignupTemple.csproj", "{FFD4B2F1-1EFB-41D1-8CB4-A965BD1931D0}"
EndProject
Global
	GlobalSection(SolutionConfigurationPlatforms) = preSolution
		Debug|Any CPU = Debug|Any CPU
		Release|Any CPU = Release|Any CPU
	EndGlobalSection
	GlobalSection(ProjectConfigurationPlatforms) = postSolution
		{FFD4B2F1-1EFB-41D1-8CB4-A965BD1931D0}.Debug|Any CPU.ActiveCfg = Debug|Any CPU
		{FFD4B2F1-1EFB-41D1-8CB4-A965BD1931D0}.Debug|Any CPU.Build.0 = Debug|Any CPU
		{FFD4B2F1-1EFB-41D1-8CB4-A965BD1931D0}.Release|Any CPU.ActiveCfg = Release|Any CPU
		{FFD4B2F1-1EFB-41D1-8CB4-A965BD1931D0}.Release|Any CPU.Build.0 = Release|Any CPU
	EndGlobalSection
	GlobalSection(SolutionProperties) = preSolution
		HideSolutionNode = FALSE
	EndGlobalSection
	GlobalSection(ExtensibilityGlobals) = postSolution
		SolutionGuid = {F6840A43-EB1C-4C28-B728-8FA1B11477C0}
	EndGlobalSection
EndGlobal
